<?xml version="1.0" encoding="utf-8"?>
<Project ToolsVersion="4.0" xmlns="http://schemas.microsoft.com/developer/msbuild/2003">
  <ItemGroup>
    <Filter Include="源文件">
      <UniqueIdentifier>{4FC737F1-C7A5-4376-A066-2A32D752A2FF}</UniqueIdentifier>
      <Extensions>cpp;c;cc;cxx;def;odl;idl;hpj;bat;asm;asmx</Extensions>
    </Filter>
    <Filter Include="头文件">
      <UniqueIdentifier>{93995380-89BD-4b04-88EB-625FBE52EBFB}</UniqueIdentifier>
      <Extensions>h;hpp;hxx;hm;inl;inc;xsd</Extensions>
    </Filter>
    <Filter Include="资源文件">
      <UniqueIdentifier>{67DA6AB6-F800-4c08-8B7A-83BB121AAD01}</UniqueIdentifier>
      <Extensions>rc;ico;cur;bmp;dlg;rc2;rct;bin;rgs;gif;jpg;jpeg;jpe;resx;tiff;tif;png;wav</Extensions>
    </Filter>
    <Filter Include="源文件\SLCBSON">
      <UniqueIdentifier>{eb3ccada-3251-465e-9c89-c00f9c63515c}</UniqueIdentifier>
    </Filter>
    <Filter Include="源文件\SLCDMS">
      <UniqueIdentifier>{83b5ba9c-7d12-445b-993d-cf53de1e40d3}</UniqueIdentifier>
    </Filter>
    <Filter Include="源文件\SLCIXM">
      <UniqueIdentifier>{ac381886-1535-4fd0-88b1-a5eb28e4ebdd}</UniqueIdentifier>
    </Filter>
    <Filter Include="源文件\SLCMSG">
      <UniqueIdentifier>{9fd850c1-e2ad-4f53-9cbf-50747533419e}</UniqueIdentifier>
    </Filter>
    <Filter Include="源文件\SLCOSS">
      <UniqueIdentifier>{615dcc0f-5ef5-4d02-a437-0467da20a010}</UniqueIdentifier>
    </Filter>
    <Filter Include="源文件\SLCPD">
      <UniqueIdentifier>{32895e24-57a7-4492-8403-e5451bb0be0e}</UniqueIdentifier>
    </Filter>
    <Filter Include="源文件\SLCPMD">
      <UniqueIdentifier>{69594fa8-8025-499e-b1a3-5dea68382e3d}</UniqueIdentifier>
    </Filter>
    <Filter Include="源文件\SLCRTN">
      <UniqueIdentifier>{cf4f5f9b-1d79-48af-8ea9-6a30194af84c}</UniqueIdentifier>
    </Filter>
    <Filter Include="源文件\SLCWIN">
      <UniqueIdentifier>{97e09012-7edd-478e-a1c3-ea1ca7275ecf}</UniqueIdentifier>
    </Filter>
    <Filter Include="头文件\SLCHBSON">
      <UniqueIdentifier>{6827c19b-f36e-424c-8944-5f6edfc0e573}</UniqueIdentifier>
    </Filter>
    <Filter Include="头文件\SLCHINCLOUD">
      <UniqueIdentifier>{bb15b42c-a547-4f06-b757-01b3b7c39f5e}</UniqueIdentifier>
    </Filter>
    <Filter Include="头文件\SLCHRES">
      <UniqueIdentifier>{58d9abcb-dd64-4259-8940-45eb53a8733c}</UniqueIdentifier>
    </Filter>
  </ItemGroup>
  <ItemGroup>
    <ClCompile Include="..\src\pmd\pmd.cpp">
      <Filter>源文件\SLCPMD</Filter>
    </ClCompile>
    <ClCompile Include="..\src\pmd\pmdMain.cpp">
      <Filter>源文件\SLCPMD</Filter>
    </ClCompile>
    <ClCompile Include="..\src\pmd\pmdOptions.cpp">
      <Filter>源文件\SLCPMD</Filter>
    </ClCompile>
    <ClCompile Include="..\src\pmd\pmdTcpListener.cpp">
      <Filter>源文件\SLCPMD</Filter>
    </ClCompile>
    <ClCompile Include="..\src\pd\pd.cpp">
      <Filter>源文件\SLCPD</Filter>
    </ClCompile>
    <ClCompile Include="..\src\oss\ossPrimitiveFileOp.cpp">
      <Filter>源文件\SLCOSS</Filter>
    </ClCompile>
    <ClCompile Include="..\src\oss\ossSocket.cpp">
      <Filter>源文件\SLCOSS</Filter>
    </ClCompile>
    <ClCompile Include="..\src\pmd\pmdAgent.cpp">
      <Filter>源文件\SLCPMD</Filter>
    </ClCompile>
    <ClCompile Include="..\src\pmd\pmdEDU.cpp">
      <Filter>源文件\SLCPMD</Filter>
    </ClCompile>
    <ClCompile Include="..\src\pmd\pmdEDUMgr.cpp">
      <Filter>源文件\SLCPMD</Filter>
    </ClCompile>
    <ClCompile Include="..\src\msg\msg.cpp">
      <Filter>源文件\SLCMSG</Filter>
    </ClCompile>
    <ClCompile Include="..\src\rtn\rtn.cpp">
      <Filter>源文件\SLCRTN</Filter>
    </ClCompile>
    <ClCompile Include="..\src\dms\dms.cpp">
      <Filter>源文件\SLCDMS</Filter>
    </ClCompile>
    <ClCompile Include="..\src\ixm\ixmBucket.cpp">
      <Filter>源文件\SLCIXM</Filter>
    </ClCompile>
    <ClCompile Include="..\src\oss\ossHash.cpp">
      <Filter>源文件\SLCOSS</Filter>
    </ClCompile>
    <ClCompile Include="..\src\oss\ossMmapFile.cpp">
      <Filter>源文件\SLCOSS</Filter>
    </ClCompile>
    <ClCompile Include="..\src\bson\src\bsonobj.cpp">
      <Filter>源文件\SLCBSON</Filter>
    </ClCompile>
    <ClCompile Include="..\src\bson\src\oid.cpp">
      <Filter>源文件\SLCBSON</Filter>
    </ClCompile>
    <ClCompile Include="..\src\bson\src\util\json.cpp">
      <Filter>源文件\SLCBSON</Filter>
    </ClCompile>
    <ClCompile Include="..\src\bson\src\lib\base64.cpp">
      <Filter>源文件\SLCBSON</Filter>
    </ClCompile>
    <ClCompile Include="..\src\bson\src\lib\md5.cpp">
      <Filter>源文件\SLCBSON</Filter>
    </ClCompile>
    <ClCompile Include="..\src\bson\src\lib\nonce.cpp">
      <Filter>源文件\SLCBSON</Filter>
    </ClCompile>
    <ClCompile Include="..\src\win\smalldb_win.cpp">
      <Filter>源文件\SLCWIN</Filter>
    </ClCompile>
  </ItemGroup>
  <ItemGroup>
    <ClInclude Include="..\src\include\core.hpp">
      <Filter>头文件\SLCHINCLOUD</Filter>
    </ClInclude>
    <ClInclude Include="..\src\bson\src\lib\md5.hpp">
      <Filter>头文件\SLCHINCLOUD</Filter>
    </ClInclude>
    <ClInclude Include="..\src\include\ossLatch.hpp">
      <Filter>头文件\SLCHINCLOUD</Filter>
    </ClInclude>
    <ClInclude Include="..\src\include\ossPrimitiveFileOp.hpp">
      <Filter>头文件\SLCHINCLOUD</Filter>
    </ClInclude>
    <ClInclude Include="..\src\include\ossQueue.hpp">
      <Filter>头文件\SLCHINCLOUD</Filter>
    </ClInclude>
    <ClInclude Include="..\src\include\ossSocket.hpp">
      <Filter>头文件\SLCHINCLOUD</Filter>
    </ClInclude>
    <ClInclude Include="..\src\include\pd.hpp">
      <Filter>头文件\SLCHINCLOUD</Filter>
    </ClInclude>
    <ClInclude Include="..\src\include\pmd.hpp">
      <Filter>头文件\SLCHINCLOUD</Filter>
    </ClInclude>
    <ClInclude Include="..\src\include\pmdOptions.hpp">
      <Filter>头文件\SLCHINCLOUD</Filter>
    </ClInclude>
    <ClInclude Include="..\src\include\wininc.h">
      <Filter>头文件\SLCHINCLOUD</Filter>
    </ClInclude>
    <ClInclude Include="..\src\include\pmdEDU.hpp">
      <Filter>头文件\SLCHINCLOUD</Filter>
    </ClInclude>
    <ClInclude Include="..\src\include\pmdEDUEvent.hpp">
      <Filter>头文件\SLCHINCLOUD</Filter>
    </ClInclude>
    <ClInclude Include="..\src\include\pmdEDUMgr.hpp">
      <Filter>头文件\SLCHINCLOUD</Filter>
    </ClInclude>
    <ClInclude Include="..\src\include\ossUtil.hpp">
      <Filter>头文件\SLCHINCLOUD</Filter>
    </ClInclude>
    <ClInclude Include="..\src\include\msg.hpp">
      <Filter>头文件\SLCHINCLOUD</Filter>
    </ClInclude>
    <ClInclude Include="..\src\include\dms.hpp">
      <Filter>头文件\SLCHINCLOUD</Filter>
    </ClInclude>
    <ClInclude Include="..\src\include\dmsRecord.hpp">
      <Filter>头文件\SLCHINCLOUD</Filter>
    </ClInclude>
    <ClInclude Include="..\src\include\ixmBucket.hpp">
      <Filter>头文件\SLCHINCLOUD</Filter>
    </ClInclude>
    <ClInclude Include="..\src\include\ossHash.hpp">
      <Filter>头文件\SLCHINCLOUD</Filter>
    </ClInclude>
    <ClInclude Include="..\src\include\rtn.hpp">
      <Filter>头文件\SLCHINCLOUD</Filter>
    </ClInclude>
    <ClInclude Include="..\src\include\ossMmapFile.hpp">
      <Filter>头文件\SLCHINCLOUD</Filter>
    </ClInclude>
    <ClInclude Include="..\src\bson\src\bson.h">
      <Filter>头文件\SLCHBSON</Filter>
    </ClInclude>
    <ClInclude Include="..\src\bson\src\bson_db.h">
      <Filter>头文件\SLCHBSON</Filter>
    </ClInclude>
    <ClInclude Include="..\src\bson\src\bsonassert.h">
      <Filter>头文件\SLCHBSON</Filter>
    </ClInclude>
    <ClInclude Include="..\src\bson\src\bsonelement.h">
      <Filter>头文件\SLCHBSON</Filter>
    </ClInclude>
    <ClInclude Include="..\src\bson\src\bson-inl.h">
      <Filter>头文件\SLCHBSON</Filter>
    </ClInclude>
    <ClInclude Include="..\src\bson\src\bsonmisc.h">
      <Filter>头文件\SLCHBSON</Filter>
    </ClInclude>
    <ClInclude Include="..\src\bson\src\bsonobj.h">
      <Filter>头文件\SLCHBSON</Filter>
    </ClInclude>
    <ClInclude Include="..\src\bson\src\bsonobjbuilder.h">
      <Filter>头文件\SLCHBSON</Filter>
    </ClInclude>
    <ClInclude Include="..\src\bson\src\bsonobjiterator.h">
      <Filter>头文件\SLCHBSON</Filter>
    </ClInclude>
    <ClInclude Include="..\src\bson\src\bsontypes.h">
      <Filter>头文件\SLCHBSON</Filter>
    </ClInclude>
    <ClInclude Include="..\src\bson\src\inline_decls.h">
      <Filter>头文件\SLCHBSON</Filter>
    </ClInclude>
    <ClInclude Include="..\src\bson\src\oid.h">
      <Filter>头文件\SLCHBSON</Filter>
    </ClInclude>
    <ClInclude Include="..\src\bson\src\ordering.h">
      <Filter>头文件\SLCHBSON</Filter>
    </ClInclude>
    <ClInclude Include="..\src\bson\src\stringdata.h">
      <Filter>头文件\SLCHBSON</Filter>
    </ClInclude>
    <ClInclude Include="..\src\bson\src\lib\atomic_int.h">
      <Filter>头文件\SLCHBSON</Filter>
    </ClInclude>
    <ClInclude Include="..\src\bson\src\lib\base64.h">
      <Filter>头文件\SLCHBSON</Filter>
    </ClInclude>
    <ClInclude Include="..\src\bson\src\lib\md5.h">
      <Filter>头文件\SLCHBSON</Filter>
    </ClInclude>
    <ClInclude Include="..\src\bson\src\lib\nonce.h">
      <Filter>头文件\SLCHBSON</Filter>
    </ClInclude>
    <ClInclude Include="..\src\bson\src\util\builder.h">
      <Filter>头文件\SLCHBSON</Filter>
    </ClInclude>
    <ClInclude Include="..\src\bson\src\util\embedded_builder.h">
      <Filter>头文件\SLCHBSON</Filter>
    </ClInclude>
    <ClInclude Include="..\src\bson\src\util\hex.h">
      <Filter>头文件\SLCHBSON</Filter>
    </ClInclude>
    <ClInclude Include="..\src\bson\src\util\json.h">
      <Filter>头文件\SLCHBSON</Filter>
    </ClInclude>
    <ClInclude Include="..\src\bson\src\util\misc.h">
      <Filter>头文件\SLCHBSON</Filter>
    </ClInclude>
    <ClInclude Include="..\src\bson\src\util\optime.h">
      <Filter>头文件\SLCHBSON</Filter>
    </ClInclude>
    <ClInclude Include="..\src\bson\src\util\time_support.h">
      <Filter>头文件\SLCHBSON</Filter>
    </ClInclude>
    <ClInclude Include="resource.h">
      <Filter>头文件\SLCHRES</Filter>
    </ClInclude>
  </ItemGroup>
  <ItemGroup>
    <ResourceCompile Include="smalldb.rc">
      <Filter>资源文件</Filter>
    </ResourceCompile>
  </ItemGroup>
</Project>